
Microsoft Visual Studio Solution File, Format Version 12.00
# Visual Studio Version 16
VisualStudioVersion = 16.0.32929.386
MinimumVisualStudioVersion = 10.0.40219.1
Project("{FAE04EC0-301F-11D3-BF4B-00C04F79EFBC}") = "proje1", "proje1\proje1.csproj", "{2E543763-94EF-422A-BB46-7DB6A2091AEC}"
EndProject
Global
	GlobalSection(SolutionConfigurationPlatforms) = preSolution
		Debug|Any CPU = Debug|Any CPU
		Release|Any CPU = Release|Any CPU
	EndGlobalSection
	GlobalSection(ProjectConfigurationPlatforms) = postSolution
		{2E543763-94EF-422A-BB46-7DB6A2091AEC}.Debug|Any CPU.ActiveCfg = Debug|Any CPU
		{2E543763-94EF-422A-BB46-7DB6A2091AEC}.Debug|Any CPU.Build.0 = Debug|Any CPU
		{2E543763-94EF-422A-BB46-7DB6A2091AEC}.Release|Any CPU.ActiveCfg = Release|Any CPU
		{2E543763-94EF-422A-BB46-7DB6A2091AEC}.Release|Any CPU.Build.0 = Release|Any CPU
	EndGlobalSection
	GlobalSection(SolutionProperties) = preSolution
		HideSolutionNode = FALSE
	EndGlobalSection
	GlobalSection(ExtensibilityGlobals) = postSolution
		SolutionGuid = {7BA33CBE-CDB2-4A84-BA85-E8D218C1A8AA}
	EndGlobalSection
EndGlobal
